// !$*UTF8*$!
{
	archiveVersion = 1;
	classes = {
	};
	objectVersion = 56;
	objects = {

/* Begin PBXBuildFile section */
		832245822B4D1C0E00DDC904 /* RMLocation.swift in Sources */ = {isa = PBXBuildFile; fileRef = 832245812B4D1C0E00DDC904 /* RMLocation.swift */; };
		832245842B4D1C2C00DDC904 /* RMCharacter.swift in Sources */ = {isa = PBXBuildFile; fileRef = 832245832B4D1C2C00DDC904 /* RMCharacter.swift */; };
		832245862B4D210100DDC904 /* RMEpisode.swift in Sources */ = {isa = PBXBuildFile; fileRef = 832245852B4D210100DDC904 /* RMEpisode.swift */; };
		832245892B4D217600DDC904 /* RMCharacterViewController.swift in Sources */ = {isa = PBXBuildFile; fileRef = 832245882B4D217600DDC904 /* RMCharacterViewController.swift */; };
		8322458B2B4D218400DDC904 /* RMLocationViewController.swift in Sources */ = {isa = PBXBuildFile; fileRef = 8322458A2B4D218400DDC904 /* RMLocationViewController.swift */; };
		8322458D2B4D218F00DDC904 /* RMEpisodeViewController.swift in Sources */ = {isa = PBXBuildFile; fileRef = 8322458C2B4D218F00DDC904 /* RMEpisodeViewController.swift */; };
		8322458F2B4D21A100DDC904 /* RMSettingsViewController.swift in Sources */ = {isa = PBXBuildFile; fileRef = 8322458E2B4D21A100DDC904 /* RMSettingsViewController.swift */; };
		83555B982B4AF81000F9F129 /* AppDelegate.swift in Sources */ = {isa = PBXBuildFile; fileRef = 83555B972B4AF81000F9F129 /* AppDelegate.swift */; };
		83555B9A2B4AF81000F9F129 /* SceneDelegate.swift in Sources */ = {isa = PBXBuildFile; fileRef = 83555B992B4AF81000F9F129 /* SceneDelegate.swift */; };
		83555B9C2B4AF81000F9F129 /* RMTabViewController.swift in Sources */ = {isa = PBXBuildFile; fileRef = 83555B9B2B4AF81000F9F129 /* RMTabViewController.swift */; };
		83555BA12B4AF81100F9F129 /* Assets.xcassets in Resources */ = {isa = PBXBuildFile; fileRef = 83555BA02B4AF81100F9F129 /* Assets.xcassets */; };
		83555BA42B4AF81100F9F129 /* LaunchScreen.storyboard in Resources */ = {isa = PBXBuildFile; fileRef = 83555BA22B4AF81100F9F129 /* LaunchScreen.storyboard */; };
/* End PBXBuildFile section */

/* Begin PBXFileReference section */
		832245812B4D1C0E00DDC904 /* RMLocation.swift */ = {isa = PBXFileReference; lastKnownFileType = sourcecode.swift; path = RMLocation.swift; sourceTree = "<group>"; };
		832245832B4D1C2C00DDC904 /* RMCharacter.swift */ = {isa = PBXFileReference; lastKnownFileType = sourcecode.swift; path = RMCharacter.swift; sourceTree = "<group>"; };
		832245852B4D210100DDC904 /* RMEpisode.swift */ = {isa = PBXFileReference; lastKnownFileType = sourcecode.swift; path = RMEpisode.swift; sourceTree = "<group>"; };
		832245882B4D217600DDC904 /* RMCharacterViewController.swift */ = {isa = PBXFileReference; lastKnownFileType = sourcecode.swift; path = RMCharacterViewController.swift; sourceTree = "<group>"; };
		8322458A2B4D218400DDC904 /* RMLocationViewController.swift */ = {isa = PBXFileReference; lastKnownFileType = sourcecode.swift; path = RMLocationViewController.swift; sourceTree = "<group>"; };
		8322458C2B4D218F00DDC904 /* RMEpisodeViewController.swift */ = {isa = PBXFileReference; lastKnownFileType = sourcecode.swift; path = RMEpisodeViewController.swift; sourceTree = "<group>"; };
		8322458E2B4D21A100DDC904 /* RMSettingsViewController.swift */ = {isa = PBXFileReference; lastKnownFileType = sourcecode.swift; path = RMSettingsViewController.swift; sourceTree = "<group>"; };
		83555B942B4AF81000F9F129 /* RickAndMorty.app */ = {isa = PBXFileReference; explicitFileType = wrapper.application; includeInIndex = 0; path = RickAndMorty.app; sourceTree = BUILT_PRODUCTS_DIR; };
		83555B972B4AF81000F9F129 /* AppDelegate.swift */ = {isa = PBXFileReference; lastKnownFileType = sourcecode.swift; path = AppDelegate.swift; sourceTree = "<group>"; };
		83555B992B4AF81000F9F129 /* SceneDelegate.swift */ = {isa = PBXFileReference; lastKnownFileType = sourcecode.swift; path = SceneDelegate.swift; sourceTree = "<group>"; };
		83555B9B2B4AF81000F9F129 /* RMTabViewController.swift */ = {isa = PBXFileReference; lastKnownFileType = sourcecode.swift; path = RMTabViewController.swift; sourceTree = "<group>"; };
		83555BA02B4AF81100F9F129 /* Assets.xcassets */ = {isa = PBXFileReference; lastKnownFileType = folder.assetcatalog; path = Assets.xcassets; sourceTree = "<group>"; };
		83555BA32B4AF81100F9F129 /* Base */ = {isa = PBXFileReference; lastKnownFileType = file.storyboard; name = Base; path = Base.lproj/LaunchScreen.storyboard; sourceTree = "<group>"; };
		83555BA52B4AF81100F9F129 /* Info.plist */ = {isa = PBXFileReference; lastKnownFileType = text.plist.xml; path = Info.plist; sourceTree = "<group>"; };
/* End PBXFileReference section */

/* Begin PBXFrameworksBuildPhase section */
		83555B912B4AF81000F9F129 /* Frameworks */ = {
			isa = PBXFrameworksBuildPhase;
			buildActionMask = 2147483647;
			files = (
			);
			runOnlyForDeploymentPostprocessing = 0;
		};
/* End PBXFrameworksBuildPhase section */

/* Begin PBXGroup section */
		8322457A2B4D1A8800DDC904 /* Controllers */ = {
			isa = PBXGroup;
			children = (
				832245872B4D213E00DDC904 /* Other */,
			);
			path = Controllers;
			sourceTree = "<group>";
		};
		8322457B2B4D1A9300DDC904 /* Models */ = {
			isa = PBXGroup;
			children = (
				832245812B4D1C0E00DDC904 /* RMLocation.swift */,
				832245832B4D1C2C00DDC904 /* RMCharacter.swift */,
				832245852B4D210100DDC904 /* RMEpisode.swift */,
			);
			path = Models;
			sourceTree = "<group>";
		};
		8322457C2B4D1A9C00DDC904 /* Views */ = {
			isa = PBXGroup;
			children = (
			);
			path = Views;
			sourceTree = "<group>";
		};
		8322457D2B4D1AA300DDC904 /* ViewModels */ = {
			isa = PBXGroup;
			children = (
			);
			path = ViewModels;
			sourceTree = "<group>";
		};
		8322457E2B4D1AB200DDC904 /* APIClient */ = {
			isa = PBXGroup;
			children = (
			);
			path = APIClient;
			sourceTree = "<group>";
		};
		8322457F2B4D1AC600DDC904 /* Resources */ = {
			isa = PBXGroup;
			children = (
				83555B972B4AF81000F9F129 /* AppDelegate.swift */,
				83555B992B4AF81000F9F129 /* SceneDelegate.swift */,
				83555BA02B4AF81100F9F129 /* Assets.xcassets */,
				83555BA22B4AF81100F9F129 /* LaunchScreen.storyboard */,
			);
			name = Resources;
			sourceTree = "<group>";
		};
		832245802B4D1ACC00DDC904 /* Managers */ = {
			isa = PBXGroup;
			children = (
			);
			path = Managers;
			sourceTree = "<group>";
		};
		832245872B4D213E00DDC904 /* Other */ = {
			isa = PBXGroup;
			children = (
				83555B9B2B4AF81000F9F129 /* RMTabViewController.swift */,
				832245882B4D217600DDC904 /* RMCharacterViewController.swift */,
				8322458A2B4D218400DDC904 /* RMLocationViewController.swift */,
				8322458C2B4D218F00DDC904 /* RMEpisodeViewController.swift */,
				8322458E2B4D21A100DDC904 /* RMSettingsViewController.swift */,
			);
			path = Other;
			sourceTree = "<group>";
		};
		83555B8B2B4AF81000F9F129 = {
			isa = PBXGroup;
			children = (
				83555B962B4AF81000F9F129 /* RickAndMorty */,
				83555B952B4AF81000F9F129 /* Products */,
			);
			sourceTree = "<group>";
		};
		83555B952B4AF81000F9F129 /* Products */ = {
			isa = PBXGroup;
			children = (
				83555B942B4AF81000F9F129 /* RickAndMorty.app */,
			);
			name = Products;
			sourceTree = "<group>";
		};
		83555B962B4AF81000F9F129 /* RickAndMorty */ = {
			isa = PBXGroup;
			children = (
				8322457F2B4D1AC600DDC904 /* Resources */,
				832245802B4D1ACC00DDC904 /* Managers */,
				8322457E2B4D1AB200DDC904 /* APIClient */,
				8322457D2B4D1AA300DDC904 /* ViewModels */,
				8322457C2B4D1A9C00DDC904 /* Views */,
				8322457B2B4D1A9300DDC904 /* Models */,
				8322457A2B4D1A8800DDC904 /* Controllers */,
				83555BA52B4AF81100F9F129 /* Info.plist */,
			);
			path = RickAndMorty;
			sourceTree = "<group>";
		};
/* End PBXGroup section */

/* Begin PBXNativeTarget section */
		83555B932B4AF81000F9F129 /* RickAndMorty */ = {
			isa = PBXNativeTarget;
			buildConfigurationList = 83555BA82B4AF81100F9F129 /* Build configuration list for PBXNativeTarget "RickAndMorty" */;
			buildPhases = (
				83555B902B4AF81000F9F129 /* Sources */,
				83555B912B4AF81000F9F129 /* Frameworks */,
				83555B922B4AF81000F9F129 /* Resources */,
			);
			buildRules = (
			);
			dependencies = (
			);
			name = RickAndMorty;
			productName = RickAndMorty;
			productReference = 83555B942B4AF81000F9F129 /* RickAndMorty.app */;
			productType = "com.apple.product-type.application";
		};
/* End PBXNativeTarget section */

/* Begin PBXProject section */
		83555B8C2B4AF81000F9F129 /* Project object */ = {
			isa = PBXProject;
			attributes = {
				BuildIndependentTargetsInParallel = 1;
				LastSwiftUpdateCheck = 1510;
				LastUpgradeCheck = 1510;
				TargetAttributes = {
					83555B932B4AF81000F9F129 = {
						CreatedOnToolsVersion = 15.1;
					};
				};
			};
			buildConfigurationList = 83555B8F2B4AF81000F9F129 /* Build configuration list for PBXProject "RickAndMorty" */;
			compatibilityVersion = "Xcode 14.0";
			developmentRegion = en;
			hasScannedForEncodings = 0;
			knownRegions = (
				en,
				Base,
			);
			mainGroup = 83555B8B2B4AF81000F9F129;
			productRefGroup = 83555B952B4AF81000F9F129 /* Products */;
			projectDirPath = "";
			projectRoot = "";
			targets = (
				83555B932B4AF81000F9F129 /* RickAndMorty */,
			);
		};
/* End PBXProject section */

/* Begin PBXResourcesBuildPhase section */
		83555B922B4AF81000F9F129 /* Resources */ = {
			isa = PBXResourcesBuildPhase;
			buildActionMask = 2147483647;
			files = (
				83555BA42B4AF81100F9F129 /* LaunchScreen.storyboard in Resources */,
				83555BA12B4AF81100F9F129 /* Assets.xcassets in Resources */,
			);
			runOnlyForDeploymentPostprocessing = 0;
		};
/* End PBXResourcesBuildPhase section */

/* Begin PBXSourcesBuildPhase section */
		83555B902B4AF81000F9F129 /* Sources */ = {
			isa = PBXSourcesBuildPhase;
			buildActionMask = 2147483647;
			files = (
				8322458B2B4D218400DDC904 /* RMLocationViewController.swift in Sources */,
				832245862B4D210100DDC904 /* RMEpisode.swift in Sources */,
				83555B9C2B4AF81000F9F129 /* RMTabViewController.swift in Sources */,
				8322458D2B4D218F00DDC904 /* RMEpisodeViewController.swift in Sources */,
				83555B982B4AF81000F9F129 /* AppDelegate.swift in Sources */,
				83555B9A2B4AF81000F9F129 /* SceneDelegate.swift in Sources */,
				8322458F2B4D21A100DDC904 /* RMSettingsViewController.swift in Sources */,
				832245822B4D1C0E00DDC904 /* RMLocation.swift in Sources */,
				832245842B4D1C2C00DDC904 /* RMCharacter.swift in Sources */,
				832245892B4D217600DDC904 /* RMCharacterViewController.swift in Sources */,
			);
			runOnlyForDeploymentPostprocessing = 0;
		};
/* End PBXSourcesBuildPhase section */

/* Begin PBXVariantGroup section */
		83555BA22B4AF81100F9F129 /* LaunchScreen.storyboard */ = {
			isa = PBXVariantGroup;
			children = (
				83555BA32B4AF81100F9F129 /* Base */,
			);
			name = LaunchScreen.storyboard;
			sourceTree = "<group>";
		};
/* End PBXVariantGroup section */

/* Begin XCBuildConfiguration section */
		83555BA62B4AF81100F9F129 /* Debug */ = {
			isa = XCBuildConfiguration;
			buildSettings = {
				ALWAYS_SEARCH_USER_PATHS = NO;
				ASSETCATALOG_COMPILER_GENERATE_SWIFT_ASSET_SYMBOL_EXTENSIONS = YES;
				CLANG_ANALYZER_NONNULL = YES;
				CLANG_ANALYZER_NUMBER_OBJECT_CONVERSION = YES_AGGRESSIVE;
				CLANG_CXX_LANGUAGE_STANDARD = "gnu++20";
				CLANG_ENABLE_MODULES = YES;
				CLANG_ENABLE_OBJC_ARC = YES;
				CLANG_ENABLE_OBJC_WEAK = YES;
				CLANG_WARN_BLOCK_CAPTURE_AUTORELEASING = YES;
				CLANG_WARN_BOOL_CONVERSION = YES;
				CLANG_WARN_COMMA = YES;
				CLANG_WARN_CONSTANT_CONVERSION = YES;
				CLANG_WARN_DEPRECATED_OBJC_IMPLEMENTATIONS = YES;
				CLANG_WARN_DIRECT_OBJC_ISA_USAGE = YES_ERROR;
				CLANG_WARN_DOCUMENTATION_COMMENTS = YES;
				CLANG_WARN_EMPTY_BODY = YES;
				CLANG_WARN_ENUM_CONVERSION = YES;
				CLANG_WARN_INFINITE_RECURSION = YES;
				CLANG_WARN_INT_CONVERSION = YES;
				CLANG_WARN_NON_LITERAL_NULL_CONVERSION = YES;
				CLANG_WARN_OBJC_IMPLICIT_RETAIN_SELF = YES;
				CLANG_WARN_OBJC_LITERAL_CONVERSION = YES;
				CLANG_WARN_OBJC_ROOT_CLASS = YES_ERROR;
				CLANG_WARN_QUOTED_INCLUDE_IN_FRAMEWORK_HEADER = YES;
				CLANG_WARN_RANGE_LOOP_ANALYSIS = YES;
				CLANG_WARN_STRICT_PROTOTYPES = YES;
				CLANG_WARN_SUSPICIOUS_MOVE = YES;
				CLANG_WARN_UNGUARDED_AVAILABILITY = YES_AGGRESSIVE;
				CLANG_WARN_UNREACHABLE_CODE = YES;
				CLANG_WARN__DUPLICATE_METHOD_MATCH = YES;
				COPY_PHASE_STRIP = NO;
				DEBUG_INFORMATION_FORMAT = dwarf;
				ENABLE_STRICT_OBJC_MSGSEND = YES;
				ENABLE_TESTABILITY = YES;
				ENABLE_USER_SCRIPT_SANDBOXING = YES;
				GCC_C_LANGUAGE_STANDARD = gnu17;
				GCC_DYNAMIC_NO_PIC = NO;
				GCC_NO_COMMON_BLOCKS = YES;
				GCC_OPTIMIZATION_LEVEL = 0;
				GCC_PREPROCESSOR_DEFINITIONS = (
					"DEBUG=1",
					"$(inherited)",
				);
				GCC_WARN_64_TO_32_BIT_CONVERSION = YES;
				GCC_WARN_ABOUT_RETURN_TYPE = YES_ERROR;
				GCC_WARN_UNDECLARED_SELECTOR = YES;
				GCC_WARN_UNINITIALIZED_AUTOS = YES_AGGRESSIVE;
				GCC_WARN_UNUSED_FUNCTION = YES;
				GCC_WARN_UNUSED_VARIABLE = YES;
				IPHONEOS_DEPLOYMENT_TARGET = 17.2;
				LOCALIZATION_PREFERS_STRING_CATALOGS = YES;
				MTL_ENABLE_DEBUG_INFO = INCLUDE_SOURCE;
				MTL_FAST_MATH = YES;
				ONLY_ACTIVE_ARCH = YES;
				SDKROOT = iphoneos;
				SWIFT_ACTIVE_COMPILATION_CONDITIONS = "DEBUG $(inherited)";
				SWIFT_OPTIMIZATION_LEVEL = "-Onone";
			};
			name = Debug;
		};
		83555BA72B4AF81100F9F129 /* Release */ = {
			isa = XCBuildConfiguration;
			buildSettings = {
				ALWAYS_SEARCH_USER_PATHS = NO;
				ASSETCATALOG_COMPILER_GENERATE_SWIFT_ASSET_SYMBOL_EXTENSIONS = YES;
				CLANG_ANALYZER_NONNULL = YES;
				CLANG_ANALYZER_NUMBER_OBJECT_CONVERSION = YES_AGGRESSIVE;
				CLANG_CXX_LANGUAGE_STANDARD = "gnu++20";
				CLANG_ENABLE_MODULES = YES;
				CLANG_ENABLE_OBJC_ARC = YES;
				CLANG_ENABLE_OBJC_WEAK = YES;
				CLANG_WARN_BLOCK_CAPTURE_AUTORELEASING = YES;
				CLANG_WARN_BOOL_CONVERSION = YES;
				CLANG_WARN_COMMA = YES;
				CLANG_WARN_CONSTANT_CONVERSION = YES;
				CLANG_WARN_DEPRECATED_OBJC_IMPLEMENTATIONS = YES;
				CLANG_WARN_DIRECT_OBJC_ISA_USAGE = YES_ERROR;
				CLANG_WARN_DOCUMENTATION_COMMENTS = YES;
				CLANG_WARN_EMPTY_BODY = YES;
				CLANG_WARN_ENUM_CONVERSION = YES;
				CLANG_WARN_INFINITE_RECURSION = YES;
				CLANG_WARN_INT_CONVERSION = YES;
				CLANG_WARN_NON_LITERAL_NULL_CONVERSION = YES;
				CLANG_WARN_OBJC_IMPLICIT_RETAIN_SELF = YES;
				CLANG_WARN_OBJC_LITERAL_CONVERSION = YES;
				CLANG_WARN_OBJC_ROOT_CLASS = YES_ERROR;
				CLANG_WARN_QUOTED_INCLUDE_IN_FRAMEWORK_HEADER = YES;
				CLANG_WARN_RANGE_LOOP_ANALYSIS = YES;
				CLANG_WARN_STRICT_PROTOTYPES = YES;
				CLANG_WARN_SUSPICIOUS_MOVE = YES;
				CLANG_WARN_UNGUARDED_AVAILABILITY = YES_AGGRESSIVE;
				CLANG_WARN_UNREACHABLE_CODE = YES;
				CLANG_WARN__DUPLICATE_METHOD_MATCH = YES;
				COPY_PHASE_STRIP = NO;
				DEBUG_INFORMATION_FORMAT = "dwarf-with-dsym";
				ENABLE_NS_ASSERTIONS = NO;
				ENABLE_STRICT_OBJC_MSGSEND = YES;
				ENABLE_USER_SCRIPT_SANDBOXING = YES;
				GCC_C_LANGUAGE_STANDARD = gnu17;
				GCC_NO_COMMON_BLOCKS = YES;
				GCC_WARN_64_TO_32_BIT_CONVERSION = YES;
				GCC_WARN_ABOUT_RETURN_TYPE = YES_ERROR;
				GCC_WARN_UNDECLARED_SELECTOR = YES;
				GCC_WARN_UNINITIALIZED_AUTOS = YES_AGGRESSIVE;
				GCC_WARN_UNUSED_FUNCTION = YES;
				GCC_WARN_UNUSED_VARIABLE = YES;
				IPHONEOS_DEPLOYMENT_TARGET = 17.2;
				LOCALIZATION_PREFERS_STRING_CATALOGS = YES;
				MTL_ENABLE_DEBUG_INFO = NO;
				MTL_FAST_MATH = YES;
				SDKROOT = iphoneos;
				SWIFT_COMPILATION_MODE = wholemodule;
				VALIDATE_PRODUCT = YES;
			};
			name = Release;
		};
		83555BA92B4AF81100F9F129 /* Debug */ = {
			isa = XCBuildConfiguration;
			buildSettings = {
				ASSETCATALOG_COMPILER_APPICON_NAME = AppIcon;
				ASSETCATALOG_COMPILER_GLOBAL_ACCENT_COLOR_NAME = AccentColor;
				CODE_SIGN_STYLE = Automatic;
				CURRENT_PROJECT_VERSION = 1;
				GENERATE_INFOPLIST_FILE = YES;
				INFOPLIST_FILE = RickAndMorty/Info.plist;
				INFOPLIST_KEY_UIApplicationSupportsIndirectInputEvents = YES;
				INFOPLIST_KEY_UILaunchStoryboardName = LaunchScreen;
				INFOPLIST_KEY_UISupportedInterfaceOrientations_iPad = "UIInterfaceOrientationPortrait UIInterfaceOrientationPortraitUpsideDown UIInterfaceOrientationLandscapeLeft UIInterfaceOrientationLandscapeRight";
				INFOPLIST_KEY_UISupportedInterfaceOrientations_iPhone = "UIInterfaceOrientationPortrait UIInterfaceOrientationLandscapeLeft UIInterfaceOrientationLandscapeRight";
				LD_RUNPATH_SEARCH_PATHS = (
					"$(inherited)",
					"@executable_path/Frameworks",
				);
				MARKETING_VERSION = 1.0;
				PRODUCT_BUNDLE_IDENTIFIER = "Shashipreetham-veldandi.RickAndMorty";
				PRODUCT_NAME = "$(TARGET_NAME)";
				SWIFT_EMIT_LOC_STRINGS = YES;
				SWIFT_VERSION = 5.0;
				TARGETED_DEVICE_FAMILY = "1,2";
			};
			name = Debug;
		};
		83555BAA2B4AF81100F9F129 /* Release */ = {
			isa = XCBuildConfiguration;
			buildSettings = {
				ASSETCATALOG_COMPILER_APPICON_NAME = AppIcon;
				ASSETCATALOG_COMPILER_GLOBAL_ACCENT_COLOR_NAME = AccentColor;
				CODE_SIGN_STYLE = Automatic;
				CURRENT_PROJECT_VERSION = 1;
				GENERATE_INFOPLIST_FILE = YES;
				INFOPLIST_FILE = RickAndMorty/Info.plist;
				INFOPLIST_KEY_UIApplicationSupportsIndirectInputEvents = YES;
				INFOPLIST_KEY_UILaunchStoryboardName = LaunchScreen;
				INFOPLIST_KEY_UISupportedInterfaceOrientations_iPad = "UIInterfaceOrientationPortrait UIInterfaceOrientationPortraitUpsideDown UIInterfaceOrientationLandscapeLeft UIInterfaceOrientationLandscapeRight";
				INFOPLIST_KEY_UISupportedInterfaceOrientations_iPhone = "UIInterfaceOrientationPortrait UIInterfaceOrientationLandscapeLeft UIInterfaceOrientationLandscapeRight";
				LD_RUNPATH_SEARCH_PATHS = (
					"$(inherited)",
					"@executable_path/Frameworks",
				);
				MARKETING_VERSION = 1.0;
				PRODUCT_BUNDLE_IDENTIFIER = "Shashipreetham-veldandi.RickAndMorty";
				PRODUCT_NAME = "$(TARGET_NAME)";
				SWIFT_EMIT_LOC_STRINGS = YES;
				SWIFT_VERSION = 5.0;
				TARGETED_DEVICE_FAMILY = "1,2";
			};
			name = Release;
		};
/* End XCBuildConfiguration section */

/* Begin XCConfigurationList section */
		83555B8F2B4AF81000F9F129 /* Build configuration list for PBXProject "RickAndMorty" */ = {
			isa = XCConfigurationList;
			buildConfigurations = (
				83555BA62B4AF81100F9F129 /* Debug */,
				83555BA72B4AF81100F9F129 /* Release */,
			);
			defaultConfigurationIsVisible = 0;
			defaultConfigurationName = Release;
		};
		83555BA82B4AF81100F9F129 /* Build configuration list for PBXNativeTarget "RickAndMorty" */ = {
			isa = XCConfigurationList;
			buildConfigurations = (
				83555BA92B4AF81100F9F129 /* Debug */,
				83555BAA2B4AF81100F9F129 /* Release */,
			);
			defaultConfigurationIsVisible = 0;
			defaultConfigurationName = Release;
		};
/* End XCConfigurationList section */
	};
	rootObject = 83555B8C2B4AF81000F9F129 /* Project object */;
}
